
Microsoft Visual Studio Solution File, Format Version 12.00
# Visual Studio Version 17
VisualStudioVersion = 17.6.33723.286
MinimumVisualStudioVersion = 10.0.40219.1
Project("{FAE04EC0-301F-11D3-BF4B-00C04F79EFBC}") = "JKToolsUpdated", "JKToolsUpdated\JKToolsUpdated.csproj", "{A7C770A4-FD28-4287-BDEB-9C62E615064C}"
EndProject
Global
	GlobalSection(SolutionConfigurationPlatforms) = preSolution
		Debug|Any CPU = Debug|Any CPU
		Release|Any CPU = Release|Any CPU
	EndGlobalSection
	GlobalSection(ProjectConfigurationPlatforms) = postSolution
		{A7C770A4-FD28-4287-BDEB-9C62E615064C}.Debug|Any CPU.ActiveCfg = Debug|Any CPU
		{A7C770A4-FD28-4287-BDEB-9C62E615064C}.Debug|Any CPU.Build.0 = Debug|Any CPU
		{A7C770A4-FD28-4287-BDEB-9C62E615064C}.Release|Any CPU.ActiveCfg = Release|Any CPU
		{A7C770A4-FD28-4287-BDEB-9C62E615064C}.Release|Any CPU.Build.0 = Release|Any CPU
	EndGlobalSection
	GlobalSection(SolutionProperties) = preSolution
		HideSolutionNode = FALSE
	EndGlobalSection
	GlobalSection(ExtensibilityGlobals) = postSolution
		SolutionGuid = {449CDF04-0E07-4924-B5D6-E431EAFA17B1}
	EndGlobalSection
EndGlobal
